{
  "originHash" : "ed231460de0cf6669f4311e0d526c167d8b7a74f00d5cc58cc4c67e27b668d92",
  "pins" : [
    {
      "identity" : "cm-sdk-xcframework-v3",
      "kind" : "remoteSourceControl",
      "location" : "https://github.com/iubenda/cm-sdk-xcframework-v3",
      "state" : {
        "revision" : "f5eb15111a04c7678b0b0ec6741fc75c43c4af77",
        "version" : "3.1.0"
      }
    }
  ],
  "version" : 3
}
